// !$*UTF8*$!
{
	archiveVersion = 1;
	classes = {
	};
	objectVersion = 46;
	objects = {

/* Begin PBXBuildFile section */
		190C5EB4200531F500154795 /* CollectionViewCell.swift in Sources */ = {isa = PBXBuildFile; fileRef = 190C5EB3200531F500154795 /* CollectionViewCell.swift */; };
		190C5EB62005339100154795 /* CollectionViewController.swift in Sources */ = {isa = PBXBuildFile; fileRef = 190C5EB52005339100154795 /* CollectionViewController.swift */; };
		AE63009B20749EF9002A5879 /* DiscoIcon copy.png in Resources */ = {isa = PBXBuildFile; fileRef = AE63009A20749EF9002A5879 /* DiscoIcon copy.png */; };
		AED0EF2C2079CB5500CFAA9C /* IQTextView.swift in Sources */ = {isa = PBXBuildFile; fileRef = AED0EF162079CB5500CFAA9C /* IQTextView.swift */; };
		AED0EF2D2079CB5500CFAA9C /* IQPreviousNextView.swift in Sources */ = {isa = PBXBuildFile; fileRef = AED0EF182079CB5500CFAA9C /* IQPreviousNextView.swift */; };
		AED0EF2E2079CB5500CFAA9C /* IQTitleBarButtonItem.swift in Sources */ = {isa = PBXBuildFile; fileRef = AED0EF192079CB5500CFAA9C /* IQTitleBarButtonItem.swift */; };
		AED0EF2F2079CB5500CFAA9C /* IQBarButtonItem.swift in Sources */ = {isa = PBXBuildFile; fileRef = AED0EF1A2079CB5500CFAA9C /* IQBarButtonItem.swift */; };
		AED0EF302079CB5500CFAA9C /* IQToolbar.swift in Sources */ = {isa = PBXBuildFile; fileRef = AED0EF1B2079CB5500CFAA9C /* IQToolbar.swift */; };
		AED0EF312079CB5500CFAA9C /* IQUIView+IQKeyboardToolbar.swift in Sources */ = {isa = PBXBuildFile; fileRef = AED0EF1C2079CB5500CFAA9C /* IQUIView+IQKeyboardToolbar.swift */; };
		AED0EF322079CB5500CFAA9C /* IQKeyboardManagerConstantsInternal.swift in Sources */ = {isa = PBXBuildFile; fileRef = AED0EF1E2079CB5500CFAA9C /* IQKeyboardManagerConstantsInternal.swift */; };
		AED0EF332079CB5500CFAA9C /* IQKeyboardManagerConstants.swift in Sources */ = {isa = PBXBuildFile; fileRef = AED0EF1F2079CB5500CFAA9C /* IQKeyboardManagerConstants.swift */; };
		AED0EF342079CB5500CFAA9C /* IQKeyboardManager.bundle in Resources */ = {isa = PBXBuildFile; fileRef = AED0EF212079CB5500CFAA9C /* IQKeyboardManager.bundle */; };
		AED0EF352079CB5500CFAA9C /* IQKeyboardReturnKeyHandler.swift in Sources */ = {isa = PBXBuildFile; fileRef = AED0EF222079CB5500CFAA9C /* IQKeyboardReturnKeyHandler.swift */; };
		AED0EF362079CB5500CFAA9C /* IQKeyboardManager.swift in Sources */ = {isa = PBXBuildFile; fileRef = AED0EF232079CB5500CFAA9C /* IQKeyboardManager.swift */; };
		AED0EF372079CB5500CFAA9C /* IQUIWindow+Hierarchy.swift in Sources */ = {isa = PBXBuildFile; fileRef = AED0EF262079CB5500CFAA9C /* IQUIWindow+Hierarchy.swift */; };
		AED0EF382079CB5500CFAA9C /* IQUIScrollView+Additions.swift in Sources */ = {isa = PBXBuildFile; fileRef = AED0EF272079CB5500CFAA9C /* IQUIScrollView+Additions.swift */; };
		AED0EF392079CB5500CFAA9C /* IQUIViewController+Additions.swift in Sources */ = {isa = PBXBuildFile; fileRef = AED0EF282079CB5500CFAA9C /* IQUIViewController+Additions.swift */; };
		AED0EF3A2079CB5500CFAA9C /* IQUITextFieldView+Additions.swift in Sources */ = {isa = PBXBuildFile; fileRef = AED0EF292079CB5500CFAA9C /* IQUITextFieldView+Additions.swift */; };
		AED0EF3B2079CB5500CFAA9C /* IQUIView+Hierarchy.swift in Sources */ = {isa = PBXBuildFile; fileRef = AED0EF2A2079CB5500CFAA9C /* IQUIView+Hierarchy.swift */; };
		AED0EF3C2079CB5500CFAA9C /* IQNSArray+Sort.swift in Sources */ = {isa = PBXBuildFile; fileRef = AED0EF2B2079CB5500CFAA9C /* IQNSArray+Sort.swift */; };
		CD2F3B142059F1C60001B787 /* Student.swift in Sources */ = {isa = PBXBuildFile; fileRef = CD2F3B132059F1C60001B787 /* Student.swift */; };
		CD395EA9206732C0004B01A9 /* StudentTableViewCell.swift in Sources */ = {isa = PBXBuildFile; fileRef = CD395EA8206732C0004B01A9 /* StudentTableViewCell.swift */; };
		CD4C435F20616B8D00EA9EFB /* ClassesTableViewController.swift in Sources */ = {isa = PBXBuildFile; fileRef = CD4C435E20616B8D00EA9EFB /* ClassesTableViewController.swift */; };
		CD4C436120616CEF00EA9EFB /* ClassTableViewCell.swift in Sources */ = {isa = PBXBuildFile; fileRef = CD4C436020616CEF00EA9EFB /* ClassTableViewCell.swift */; };
		CD4C43632061820B00EA9EFB /* Class.swift in Sources */ = {isa = PBXBuildFile; fileRef = CD4C43622061820B00EA9EFB /* Class.swift */; };
		CD4C43652062C3B900EA9EFB /* CreateClassViewController.swift in Sources */ = {isa = PBXBuildFile; fileRef = CD4C43642062C3B900EA9EFB /* CreateClassViewController.swift */; };
		CD66FB401FE46DD40090D6A3 /* AppDelegate.swift in Sources */ = {isa = PBXBuildFile; fileRef = CD66FB3F1FE46DD40090D6A3 /* AppDelegate.swift */; };
		CD66FB421FE46DD40090D6A3 /* ViewController.swift in Sources */ = {isa = PBXBuildFile; fileRef = CD66FB411FE46DD40090D6A3 /* ViewController.swift */; };
		CD66FB451FE46DD40090D6A3 /* Main.storyboard in Resources */ = {isa = PBXBuildFile; fileRef = CD66FB431FE46DD40090D6A3 /* Main.storyboard */; };
		CD66FB471FE46DD40090D6A3 /* Assets.xcassets in Resources */ = {isa = PBXBuildFile; fileRef = CD66FB461FE46DD40090D6A3 /* Assets.xcassets */; };
		CD66FB4A1FE46DD40090D6A3 /* LaunchScreen.storyboard in Resources */ = {isa = PBXBuildFile; fileRef = CD66FB481FE46DD40090D6A3 /* LaunchScreen.storyboard */; };
		CD66FB551FE46DD40090D6A3 /* TestWithTablesTests.swift in Sources */ = {isa = PBXBuildFile; fileRef = CD66FB541FE46DD40090D6A3 /* TestWithTablesTests.swift */; };
		CD66FB601FE46DD40090D6A3 /* TestWithTablesUITests.swift in Sources */ = {isa = PBXBuildFile; fileRef = CD66FB5F1FE46DD40090D6A3 /* TestWithTablesUITests.swift */; };
		CD66FB701FE49FDD0090D6A3 /* Discussion.swift in Sources */ = {isa = PBXBuildFile; fileRef = CD66FB6F1FE49FDD0090D6A3 /* Discussion.swift */; };
		CD66FB721FE4A4FA0090D6A3 /* DiscussionTableViewCell.swift in Sources */ = {isa = PBXBuildFile; fileRef = CD66FB711FE4A4FA0090D6A3 /* DiscussionTableViewCell.swift */; };
		CD66FB741FE4A6ED0090D6A3 /* DiscussionTableViewController.swift in Sources */ = {isa = PBXBuildFile; fileRef = CD66FB731FE4A6ED0090D6A3 /* DiscussionTableViewController.swift */; };
		CDBA731020765F73002E76E5 /* StudentIDViewController.swift in Sources */ = {isa = PBXBuildFile; fileRef = CDBA730F20765F73002E76E5 /* StudentIDViewController.swift */; };
/* End PBXBuildFile section */

/* Begin PBXContainerItemProxy section */
		CD66FB511FE46DD40090D6A3 /* PBXContainerItemProxy */ = {
			isa = PBXContainerItemProxy;
			containerPortal = CD66FB341FE46DD40090D6A3 /* Project object */;
			proxyType = 1;
			remoteGlobalIDString = CD66FB3B1FE46DD40090D6A3;
			remoteInfo = TestWithTables;
		};
		CD66FB5C1FE46DD40090D6A3 /* PBXContainerItemProxy */ = {
			isa = PBXContainerItemProxy;
			containerPortal = CD66FB341FE46DD40090D6A3 /* Project object */;
			proxyType = 1;
			remoteGlobalIDString = CD66FB3B1FE46DD40090D6A3;
			remoteInfo = TestWithTables;
		};
/* End PBXContainerItemProxy section */

/* Begin PBXFileReference section */
		190C5EB3200531F500154795 /* CollectionViewCell.swift */ = {isa = PBXFileReference; fileEncoding = 4; lastKnownFileType = sourcecode.swift; path = CollectionViewCell.swift; sourceTree = "<group>"; };
		190C5EB52005339100154795 /* CollectionViewController.swift */ = {isa = PBXFileReference; fileEncoding = 4; lastKnownFileType = sourcecode.swift; path = CollectionViewController.swift; sourceTree = "<group>"; };
		AE63009A20749EF9002A5879 /* DiscoIcon copy.png */ = {isa = PBXFileReference; lastKnownFileType = image.png; path = "DiscoIcon copy.png"; sourceTree = "<group>"; };
		AED0EF162079CB5500CFAA9C /* IQTextView.swift */ = {isa = PBXFileReference; fileEncoding = 4; lastKnownFileType = sourcecode.swift; path = IQTextView.swift; sourceTree = "<group>"; };
		AED0EF182079CB5500CFAA9C /* IQPreviousNextView.swift */ = {isa = PBXFileReference; fileEncoding = 4; lastKnownFileType = sourcecode.swift; path = IQPreviousNextView.swift; sourceTree = "<group>"; };
		AED0EF192079CB5500CFAA9C /* IQTitleBarButtonItem.swift */ = {isa = PBXFileReference; fileEncoding = 4; lastKnownFileType = sourcecode.swift; path = IQTitleBarButtonItem.swift; sourceTree = "<group>"; };
		AED0EF1A2079CB5500CFAA9C /* IQBarButtonItem.swift */ = {isa = PBXFileReference; fileEncoding = 4; lastKnownFileType = sourcecode.swift; path = IQBarButtonItem.swift; sourceTree = "<group>"; };
		AED0EF1B2079CB5500CFAA9C /* IQToolbar.swift */ = {isa = PBXFileReference; fileEncoding = 4; lastKnownFileType = sourcecode.swift; path = IQToolbar.swift; sourceTree = "<group>"; };
		AED0EF1C2079CB5500CFAA9C /* IQUIView+IQKeyboardToolbar.swift */ = {isa = PBXFileReference; fileEncoding = 4; lastKnownFileType = sourcecode.swift; path = "IQUIView+IQKeyboardToolbar.swift"; sourceTree = "<group>"; };
		AED0EF1E2079CB5500CFAA9C /* IQKeyboardManagerConstantsInternal.swift */ = {isa = PBXFileReference; fileEncoding = 4; lastKnownFileType = sourcecode.swift; path = IQKeyboardManagerConstantsInternal.swift; sourceTree = "<group>"; };
		AED0EF1F2079CB5500CFAA9C /* IQKeyboardManagerConstants.swift */ = {isa = PBXFileReference; fileEncoding = 4; lastKnownFileType = sourcecode.swift; path = IQKeyboardManagerConstants.swift; sourceTree = "<group>"; };
		AED0EF212079CB5500CFAA9C /* IQKeyboardManager.bundle */ = {isa = PBXFileReference; lastKnownFileType = "wrapper.plug-in"; path = IQKeyboardManager.bundle; sourceTree = "<group>"; };
		AED0EF222079CB5500CFAA9C /* IQKeyboardReturnKeyHandler.swift */ = {isa = PBXFileReference; fileEncoding = 4; lastKnownFileType = sourcecode.swift; path = IQKeyboardReturnKeyHandler.swift; sourceTree = "<group>"; };
		AED0EF232079CB5500CFAA9C /* IQKeyboardManager.swift */ = {isa = PBXFileReference; fileEncoding = 4; lastKnownFileType = sourcecode.swift; path = IQKeyboardManager.swift; sourceTree = "<group>"; };
		AED0EF242079CB5500CFAA9C /* IQKeyboardManagerSwift.h */ = {isa = PBXFileReference; fileEncoding = 4; lastKnownFileType = sourcecode.c.h; path = IQKeyboardManagerSwift.h; sourceTree = "<group>"; };
		AED0EF262079CB5500CFAA9C /* IQUIWindow+Hierarchy.swift */ = {isa = PBXFileReference; fileEncoding = 4; lastKnownFileType = sourcecode.swift; path = "IQUIWindow+Hierarchy.swift"; sourceTree = "<group>"; };
		AED0EF272079CB5500CFAA9C /* IQUIScrollView+Additions.swift */ = {isa = PBXFileReference; fileEncoding = 4; lastKnownFileType = sourcecode.swift; path = "IQUIScrollView+Additions.swift"; sourceTree = "<group>"; };
		AED0EF282079CB5500CFAA9C /* IQUIViewController+Additions.swift */ = {isa = PBXFileReference; fileEncoding = 4; lastKnownFileType = sourcecode.swift; path = "IQUIViewController+Additions.swift"; sourceTree = "<group>"; };
		AED0EF292079CB5500CFAA9C /* IQUITextFieldView+Additions.swift */ = {isa = PBXFileReference; fileEncoding = 4; lastKnownFileType = sourcecode.swift; path = "IQUITextFieldView+Additions.swift"; sourceTree = "<group>"; };
		AED0EF2A2079CB5500CFAA9C /* IQUIView+Hierarchy.swift */ = {isa = PBXFileReference; fileEncoding = 4; lastKnownFileType = sourcecode.swift; path = "IQUIView+Hierarchy.swift"; sourceTree = "<group>"; };
		AED0EF2B2079CB5500CFAA9C /* IQNSArray+Sort.swift */ = {isa = PBXFileReference; fileEncoding = 4; lastKnownFileType = sourcecode.swift; path = "IQNSArray+Sort.swift"; sourceTree = "<group>"; };
		CD2F3B132059F1C60001B787 /* Student.swift */ = {isa = PBXFileReference; fileEncoding = 4; lastKnownFileType = sourcecode.swift; path = Student.swift; sourceTree = "<group>"; };
		CD395EA8206732C0004B01A9 /* StudentTableViewCell.swift */ = {isa = PBXFileReference; fileEncoding = 4; lastKnownFileType = sourcecode.swift; path = StudentTableViewCell.swift; sourceTree = "<group>"; };
		CD4C435E20616B8D00EA9EFB /* ClassesTableViewController.swift */ = {isa = PBXFileReference; fileEncoding = 4; lastKnownFileType = sourcecode.swift; name = ClassesTableViewController.swift; path = ../ClassesTableViewController.swift; sourceTree = "<group>"; };
		CD4C436020616CEF00EA9EFB /* ClassTableViewCell.swift */ = {isa = PBXFileReference; fileEncoding = 4; lastKnownFileType = sourcecode.swift; path = ClassTableViewCell.swift; sourceTree = "<group>"; };
		CD4C43622061820B00EA9EFB /* Class.swift */ = {isa = PBXFileReference; fileEncoding = 4; lastKnownFileType = sourcecode.swift; path = Class.swift; sourceTree = "<group>"; };
		CD4C43642062C3B900EA9EFB /* CreateClassViewController.swift */ = {isa = PBXFileReference; fileEncoding = 4; lastKnownFileType = sourcecode.swift; path = CreateClassViewController.swift; sourceTree = "<group>"; };
		CD66FB3C1FE46DD40090D6A3 /* Disco3.app */ = {isa = PBXFileReference; explicitFileType = wrapper.application; includeInIndex = 0; path = Disco3.app; sourceTree = BUILT_PRODUCTS_DIR; };
		CD66FB3F1FE46DD40090D6A3 /* AppDelegate.swift */ = {isa = PBXFileReference; lastKnownFileType = sourcecode.swift; path = AppDelegate.swift; sourceTree = "<group>"; };
		CD66FB411FE46DD40090D6A3 /* ViewController.swift */ = {isa = PBXFileReference; lastKnownFileType = sourcecode.swift; path = ViewController.swift; sourceTree = "<group>"; };
		CD66FB441FE46DD40090D6A3 /* Base */ = {isa = PBXFileReference; lastKnownFileType = file.storyboard; name = Base; path = Base.lproj/Main.storyboard; sourceTree = "<group>"; };
		CD66FB461FE46DD40090D6A3 /* Assets.xcassets */ = {isa = PBXFileReference; lastKnownFileType = folder.assetcatalog; path = Assets.xcassets; sourceTree = "<group>"; };
		CD66FB491FE46DD40090D6A3 /* Base */ = {isa = PBXFileReference; lastKnownFileType = file.storyboard; name = Base; path = Base.lproj/LaunchScreen.storyboard; sourceTree = "<group>"; };
		CD66FB4B1FE46DD40090D6A3 /* Info.plist */ = {isa = PBXFileReference; lastKnownFileType = text.plist.xml; path = Info.plist; sourceTree = "<group>"; };
		CD66FB501FE46DD40090D6A3 /* Disco3Tests.xctest */ = {isa = PBXFileReference; explicitFileType = wrapper.cfbundle; includeInIndex = 0; path = Disco3Tests.xctest; sourceTree = BUILT_PRODUCTS_DIR; };
		CD66FB541FE46DD40090D6A3 /* TestWithTablesTests.swift */ = {isa = PBXFileReference; lastKnownFileType = sourcecode.swift; path = TestWithTablesTests.swift; sourceTree = "<group>"; };
		CD66FB561FE46DD40090D6A3 /* Info.plist */ = {isa = PBXFileReference; lastKnownFileType = text.plist.xml; path = Info.plist; sourceTree = "<group>"; };
		CD66FB5B1FE46DD40090D6A3 /* Disco3UITests.xctest */ = {isa = PBXFileReference; explicitFileType = wrapper.cfbundle; includeInIndex = 0; path = Disco3UITests.xctest; sourceTree = BUILT_PRODUCTS_DIR; };
		CD66FB5F1FE46DD40090D6A3 /* TestWithTablesUITests.swift */ = {isa = PBXFileReference; lastKnownFileType = sourcecode.swift; path = TestWithTablesUITests.swift; sourceTree = "<group>"; };
		CD66FB611FE46DD40090D6A3 /* Info.plist */ = {isa = PBXFileReference; lastKnownFileType = text.plist.xml; path = Info.plist; sourceTree = "<group>"; };
		CD66FB6F1FE49FDD0090D6A3 /* Discussion.swift */ = {isa = PBXFileReference; fileEncoding = 4; lastKnownFileType = sourcecode.swift; path = Discussion.swift; sourceTree = "<group>"; };
		CD66FB711FE4A4FA0090D6A3 /* DiscussionTableViewCell.swift */ = {isa = PBXFileReference; fileEncoding = 4; lastKnownFileType = sourcecode.swift; path = DiscussionTableViewCell.swift; sourceTree = "<group>"; };
		CD66FB731FE4A6ED0090D6A3 /* DiscussionTableViewController.swift */ = {isa = PBXFileReference; fileEncoding = 4; lastKnownFileType = sourcecode.swift; path = DiscussionTableViewController.swift; sourceTree = "<group>"; };
		CDBA730F20765F73002E76E5 /* StudentIDViewController.swift */ = {isa = PBXFileReference; fileEncoding = 4; lastKnownFileType = sourcecode.swift; path = StudentIDViewController.swift; sourceTree = "<group>"; };
/* End PBXFileReference section */

/* Begin PBXFrameworksBuildPhase section */
		CD66FB391FE46DD40090D6A3 /* Frameworks */ = {
			isa = PBXFrameworksBuildPhase;
			buildActionMask = 2147483647;
			files = (
			);
			runOnlyForDeploymentPostprocessing = 0;
		};
		CD66FB4D1FE46DD40090D6A3 /* Frameworks */ = {
			isa = PBXFrameworksBuildPhase;
			buildActionMask = 2147483647;
			files = (
			);
			runOnlyForDeploymentPostprocessing = 0;
		};
		CD66FB581FE46DD40090D6A3 /* Frameworks */ = {
			isa = PBXFrameworksBuildPhase;
			buildActionMask = 2147483647;
			files = (
			);
			runOnlyForDeploymentPostprocessing = 0;
		};
/* End PBXFrameworksBuildPhase section */

/* Begin PBXGroup section */
		AED0EF142079CB5500CFAA9C /* IQKeyboardManagerSwift */ = {
			isa = PBXGroup;
			children = (
				AED0EF152079CB5500CFAA9C /* IQTextView */,
				AED0EF172079CB5500CFAA9C /* IQToolbar */,
				AED0EF1D2079CB5500CFAA9C /* Constants */,
				AED0EF202079CB5500CFAA9C /* Resources */,
				AED0EF222079CB5500CFAA9C /* IQKeyboardReturnKeyHandler.swift */,
				AED0EF232079CB5500CFAA9C /* IQKeyboardManager.swift */,
				AED0EF242079CB5500CFAA9C /* IQKeyboardManagerSwift.h */,
				AED0EF252079CB5500CFAA9C /* Categories */,
			);
			path = IQKeyboardManagerSwift;
			sourceTree = "<group>";
		};
		AED0EF152079CB5500CFAA9C /* IQTextView */ = {
			isa = PBXGroup;
			children = (
				AED0EF162079CB5500CFAA9C /* IQTextView.swift */,
			);
			path = IQTextView;
			sourceTree = "<group>";
		};
		AED0EF172079CB5500CFAA9C /* IQToolbar */ = {
			isa = PBXGroup;
			children = (
				AED0EF182079CB5500CFAA9C /* IQPreviousNextView.swift */,
				AED0EF192079CB5500CFAA9C /* IQTitleBarButtonItem.swift */,
				AED0EF1A2079CB5500CFAA9C /* IQBarButtonItem.swift */,
				AED0EF1B2079CB5500CFAA9C /* IQToolbar.swift */,
				AED0EF1C2079CB5500CFAA9C /* IQUIView+IQKeyboardToolbar.swift */,
			);
			path = IQToolbar;
			sourceTree = "<group>";
		};
		AED0EF1D2079CB5500CFAA9C /* Constants */ = {
			isa = PBXGroup;
			children = (
				AED0EF1E2079CB5500CFAA9C /* IQKeyboardManagerConstantsInternal.swift */,
				AED0EF1F2079CB5500CFAA9C /* IQKeyboardManagerConstants.swift */,
			);
			path = Constants;
			sourceTree = "<group>";
		};
		AED0EF202079CB5500CFAA9C /* Resources */ = {
			isa = PBXGroup;
			children = (
				AED0EF212079CB5500CFAA9C /* IQKeyboardManager.bundle */,
			);
			path = Resources;
			sourceTree = "<group>";
		};
		AED0EF252079CB5500CFAA9C /* Categories */ = {
			isa = PBXGroup;
			children = (
				AED0EF262079CB5500CFAA9C /* IQUIWindow+Hierarchy.swift */,
				AED0EF272079CB5500CFAA9C /* IQUIScrollView+Additions.swift */,
				AED0EF282079CB5500CFAA9C /* IQUIViewController+Additions.swift */,
				AED0EF292079CB5500CFAA9C /* IQUITextFieldView+Additions.swift */,
				AED0EF2A2079CB5500CFAA9C /* IQUIView+Hierarchy.swift */,
				AED0EF2B2079CB5500CFAA9C /* IQNSArray+Sort.swift */,
			);
			path = Categories;
			sourceTree = "<group>";
		};
		CD66FB331FE46DD40090D6A3 = {
			isa = PBXGroup;
			children = (
				CD66FB3E1FE46DD40090D6A3 /* Disco3 */,
				CD66FB531FE46DD40090D6A3 /* TestWithTablesTests */,
				CD66FB5E1FE46DD40090D6A3 /* TestWithTablesUITests */,
				CD66FB3D1FE46DD40090D6A3 /* Products */,
			);
			sourceTree = "<group>";
		};
		CD66FB3D1FE46DD40090D6A3 /* Products */ = {
			isa = PBXGroup;
			children = (
				CD66FB3C1FE46DD40090D6A3 /* Disco3.app */,
				CD66FB501FE46DD40090D6A3 /* Disco3Tests.xctest */,
				CD66FB5B1FE46DD40090D6A3 /* Disco3UITests.xctest */,
			);
			name = Products;
			sourceTree = "<group>";
		};
		CD66FB3E1FE46DD40090D6A3 /* Disco3 */ = {
			isa = PBXGroup;
			children = (
				AE63009A20749EF9002A5879 /* DiscoIcon copy.png */,
				AED0EF142079CB5500CFAA9C /* IQKeyboardManagerSwift */,
				CD66FB3F1FE46DD40090D6A3 /* AppDelegate.swift */,
				CD66FB411FE46DD40090D6A3 /* ViewController.swift */,
				CD2F3B132059F1C60001B787 /* Student.swift */,
				CD66FB731FE4A6ED0090D6A3 /* DiscussionTableViewController.swift */,
				CD66FB711FE4A4FA0090D6A3 /* DiscussionTableViewCell.swift */,
				CD66FB6F1FE49FDD0090D6A3 /* Discussion.swift */,
				CD66FB431FE46DD40090D6A3 /* Main.storyboard */,
				190C5EB52005339100154795 /* CollectionViewController.swift */,
				190C5EB3200531F500154795 /* CollectionViewCell.swift */,
				CD4C435E20616B8D00EA9EFB /* ClassesTableViewController.swift */,
				CD4C43622061820B00EA9EFB /* Class.swift */,
				CD4C436020616CEF00EA9EFB /* ClassTableViewCell.swift */,
				CD4C43642062C3B900EA9EFB /* CreateClassViewController.swift */,
				CD395EA8206732C0004B01A9 /* StudentTableViewCell.swift */,
				CDBA730F20765F73002E76E5 /* StudentIDViewController.swift */,
				CD66FB461FE46DD40090D6A3 /* Assets.xcassets */,
				CD66FB481FE46DD40090D6A3 /* LaunchScreen.storyboard */,
				CD66FB4B1FE46DD40090D6A3 /* Info.plist */,
			);
			name = Disco3;
			path = TestWithTables;
			sourceTree = "<group>";
		};
		CD66FB531FE46DD40090D6A3 /* TestWithTablesTests */ = {
			isa = PBXGroup;
			children = (
				CD66FB541FE46DD40090D6A3 /* TestWithTablesTests.swift */,
				CD66FB561FE46DD40090D6A3 /* Info.plist */,
			);
			path = TestWithTablesTests;
			sourceTree = "<group>";
		};
		CD66FB5E1FE46DD40090D6A3 /* TestWithTablesUITests */ = {
			isa = PBXGroup;
			children = (
				CD66FB5F1FE46DD40090D6A3 /* TestWithTablesUITests.swift */,
				CD66FB611FE46DD40090D6A3 /* Info.plist */,
			);
			path = TestWithTablesUITests;
			sourceTree = "<group>";
		};
/* End PBXGroup section */

/* Begin PBXNativeTarget section */
		CD66FB3B1FE46DD40090D6A3 /* Disco3 */ = {
			isa = PBXNativeTarget;
			buildConfigurationList = CD66FB641FE46DD40090D6A3 /* Build configuration list for PBXNativeTarget "Disco3" */;
			buildPhases = (
				CD66FB381FE46DD40090D6A3 /* Sources */,
				CD66FB391FE46DD40090D6A3 /* Frameworks */,
				CD66FB3A1FE46DD40090D6A3 /* Resources */,
			);
			buildRules = (
			);
			dependencies = (
			);
			name = Disco3;
			productName = TestWithTables;
			productReference = CD66FB3C1FE46DD40090D6A3 /* Disco3.app */;
			productType = "com.apple.product-type.application";
		};
		CD66FB4F1FE46DD40090D6A3 /* Disco3Tests */ = {
			isa = PBXNativeTarget;
			buildConfigurationList = CD66FB671FE46DD40090D6A3 /* Build configuration list for PBXNativeTarget "Disco3Tests" */;
			buildPhases = (
				CD66FB4C1FE46DD40090D6A3 /* Sources */,
				CD66FB4D1FE46DD40090D6A3 /* Frameworks */,
				CD66FB4E1FE46DD40090D6A3 /* Resources */,
			);
			buildRules = (
			);
			dependencies = (
				CD66FB521FE46DD40090D6A3 /* PBXTargetDependency */,
			);
			name = Disco3Tests;
			productName = TestWithTablesTests;
			productReference = CD66FB501FE46DD40090D6A3 /* Disco3Tests.xctest */;
			productType = "com.apple.product-type.bundle.unit-test";
		};
		CD66FB5A1FE46DD40090D6A3 /* Disco3UITests */ = {
			isa = PBXNativeTarget;
			buildConfigurationList = CD66FB6A1FE46DD40090D6A3 /* Build configuration list for PBXNativeTarget "Disco3UITests" */;
			buildPhases = (
				CD66FB571FE46DD40090D6A3 /* Sources */,
				CD66FB581FE46DD40090D6A3 /* Frameworks */,
				CD66FB591FE46DD40090D6A3 /* Resources */,
			);
			buildRules = (
			);
			dependencies = (
				CD66FB5D1FE46DD40090D6A3 /* PBXTargetDependency */,
			);
			name = Disco3UITests;
			productName = TestWithTablesUITests;
			productReference = CD66FB5B1FE46DD40090D6A3 /* Disco3UITests.xctest */;
			productType = "com.apple.product-type.bundle.ui-testing";
		};
/* End PBXNativeTarget section */

/* Begin PBXProject section */
		CD66FB341FE46DD40090D6A3 /* Project object */ = {
			isa = PBXProject;
			attributes = {
				LastSwiftUpdateCheck = 0830;
				LastUpgradeCheck = 0830;
				ORGANIZATIONNAME = "Laura Post";
				TargetAttributes = {
					CD66FB3B1FE46DD40090D6A3 = {
						CreatedOnToolsVersion = 8.3.3;
						ProvisioningStyle = Automatic;
					};
					CD66FB4F1FE46DD40090D6A3 = {
						CreatedOnToolsVersion = 8.3.3;
						ProvisioningStyle = Automatic;
						TestTargetID = CD66FB3B1FE46DD40090D6A3;
					};
					CD66FB5A1FE46DD40090D6A3 = {
						CreatedOnToolsVersion = 8.3.3;
						ProvisioningStyle = Automatic;
						TestTargetID = CD66FB3B1FE46DD40090D6A3;
					};
				};
			};
			buildConfigurationList = CD66FB371FE46DD40090D6A3 /* Build configuration list for PBXProject "Disco3" */;
			compatibilityVersion = "Xcode 3.2";
			developmentRegion = English;
			hasScannedForEncodings = 0;
			knownRegions = (
				en,
				Base,
			);
			mainGroup = CD66FB331FE46DD40090D6A3;
			productRefGroup = CD66FB3D1FE46DD40090D6A3 /* Products */;
			projectDirPath = "";
			projectRoot = "";
			targets = (
				CD66FB3B1FE46DD40090D6A3 /* Disco3 */,
				CD66FB4F1FE46DD40090D6A3 /* Disco3Tests */,
				CD66FB5A1FE46DD40090D6A3 /* Disco3UITests */,
			);
		};
/* End PBXProject section */

/* Begin PBXResourcesBuildPhase section */
		CD66FB3A1FE46DD40090D6A3 /* Resources */ = {
			isa = PBXResourcesBuildPhase;
			buildActionMask = 2147483647;
			files = (
				AED0EF342079CB5500CFAA9C /* IQKeyboardManager.bundle in Resources */,
				CD66FB4A1FE46DD40090D6A3 /* LaunchScreen.storyboard in Resources */,
				CD66FB471FE46DD40090D6A3 /* Assets.xcassets in Resources */,
				CD66FB451FE46DD40090D6A3 /* Main.storyboard in Resources */,
				AE63009B20749EF9002A5879 /* DiscoIcon copy.png in Resources */,
			);
			runOnlyForDeploymentPostprocessing = 0;
		};
		CD66FB4E1FE46DD40090D6A3 /* Resources */ = {
			isa = PBXResourcesBuildPhase;
			buildActionMask = 2147483647;
			files = (
			);
			runOnlyForDeploymentPostprocessing = 0;
		};
		CD66FB591FE46DD40090D6A3 /* Resources */ = {
			isa = PBXResourcesBuildPhase;
			buildActionMask = 2147483647;
			files = (
			);
			runOnlyForDeploymentPostprocessing = 0;
		};
/* End PBXResourcesBuildPhase section */

/* Begin PBXSourcesBuildPhase section */
		CD66FB381FE46DD40090D6A3 /* Sources */ = {
			isa = PBXSourcesBuildPhase;
			buildActionMask = 2147483647;
			files = (
				AED0EF362079CB5500CFAA9C /* IQKeyboardManager.swift in Sources */,
				CD4C43632061820B00EA9EFB /* Class.swift in Sources */,
				CD4C435F20616B8D00EA9EFB /* ClassesTableViewController.swift in Sources */,
				AED0EF302079CB5500CFAA9C /* IQToolbar.swift in Sources */,
				CD66FB701FE49FDD0090D6A3 /* Discussion.swift in Sources */,
				CDBA731020765F73002E76E5 /* StudentIDViewController.swift in Sources */,
				AED0EF2D2079CB5500CFAA9C /* IQPreviousNextView.swift in Sources */,
				CD4C43652062C3B900EA9EFB /* CreateClassViewController.swift in Sources */,
				AED0EF2C2079CB5500CFAA9C /* IQTextView.swift in Sources */,
				AED0EF322079CB5500CFAA9C /* IQKeyboardManagerConstantsInternal.swift in Sources */,
				AED0EF352079CB5500CFAA9C /* IQKeyboardReturnKeyHandler.swift in Sources */,
				AED0EF382079CB5500CFAA9C /* IQUIScrollView+Additions.swift in Sources */,
				AED0EF392079CB5500CFAA9C /* IQUIViewController+Additions.swift in Sources */,
				CD66FB421FE46DD40090D6A3 /* ViewController.swift in Sources */,
				190C5EB4200531F500154795 /* CollectionViewCell.swift in Sources */,
				CD66FB401FE46DD40090D6A3 /* AppDelegate.swift in Sources */,
				AED0EF3B2079CB5500CFAA9C /* IQUIView+Hierarchy.swift in Sources */,
				AED0EF332079CB5500CFAA9C /* IQKeyboardManagerConstants.swift in Sources */,
				AED0EF372079CB5500CFAA9C /* IQUIWindow+Hierarchy.swift in Sources */,
				190C5EB62005339100154795 /* CollectionViewController.swift in Sources */,
				CD66FB721FE4A4FA0090D6A3 /* DiscussionTableViewCell.swift in Sources */,
				AED0EF2F2079CB5500CFAA9C /* IQBarButtonItem.swift in Sources */,
				CD66FB741FE4A6ED0090D6A3 /* DiscussionTableViewController.swift in Sources */,
				CD4C436120616CEF00EA9EFB /* ClassTableViewCell.swift in Sources */,
				AED0EF2E2079CB5500CFAA9C /* IQTitleBarButtonItem.swift in Sources */,
				CD395EA9206732C0004B01A9 /* StudentTableViewCell.swift in Sources */,
				AED0EF3C2079CB5500CFAA9C /* IQNSArray+Sort.swift in Sources */,
				AED0EF312079CB5500CFAA9C /* IQUIView+IQKeyboardToolbar.swift in Sources */,
				AED0EF3A2079CB5500CFAA9C /* IQUITextFieldView+Additions.swift in Sources */,
				CD2F3B142059F1C60001B787 /* Student.swift in Sources */,
			);
			runOnlyForDeploymentPostprocessing = 0;
		};
		CD66FB4C1FE46DD40090D6A3 /* Sources */ = {
			isa = PBXSourcesBuildPhase;
			buildActionMask = 2147483647;
			files = (
				CD66FB551FE46DD40090D6A3 /* TestWithTablesTests.swift in Sources */,
			);
			runOnlyForDeploymentPostprocessing = 0;
		};
		CD66FB571FE46DD40090D6A3 /* Sources */ = {
			isa = PBXSourcesBuildPhase;
			buildActionMask = 2147483647;
			files = (
				CD66FB601FE46DD40090D6A3 /* TestWithTablesUITests.swift in Sources */,
			);
			runOnlyForDeploymentPostprocessing = 0;
		};
/* End PBXSourcesBuildPhase section */

/* Begin PBXTargetDependency section */
		CD66FB521FE46DD40090D6A3 /* PBXTargetDependency */ = {
			isa = PBXTargetDependency;
			target = CD66FB3B1FE46DD40090D6A3 /* Disco3 */;
			targetProxy = CD66FB511FE46DD40090D6A3 /* PBXContainerItemProxy */;
		};
		CD66FB5D1FE46DD40090D6A3 /* PBXTargetDependency */ = {
			isa = PBXTargetDependency;
			target = CD66FB3B1FE46DD40090D6A3 /* Disco3 */;
			targetProxy = CD66FB5C1FE46DD40090D6A3 /* PBXContainerItemProxy */;
		};
/* End PBXTargetDependency section */

/* Begin PBXVariantGroup section */
		CD66FB431FE46DD40090D6A3 /* Main.storyboard */ = {
			isa = PBXVariantGroup;
			children = (
				CD66FB441FE46DD40090D6A3 /* Base */,
			);
			name = Main.storyboard;
			sourceTree = "<group>";
		};
		CD66FB481FE46DD40090D6A3 /* LaunchScreen.storyboard */ = {
			isa = PBXVariantGroup;
			children = (
				CD66FB491FE46DD40090D6A3 /* Base */,
			);
			name = LaunchScreen.storyboard;
			sourceTree = "<group>";
		};
/* End PBXVariantGroup section */

/* Begin XCBuildConfiguration section */
		CD66FB621FE46DD40090D6A3 /* Debug */ = {
			isa = XCBuildConfiguration;
			buildSettings = {
				ALWAYS_SEARCH_USER_PATHS = NO;
				CLANG_ANALYZER_NONNULL = YES;
				CLANG_ANALYZER_NUMBER_OBJECT_CONVERSION = YES_AGGRESSIVE;
				CLANG_CXX_LANGUAGE_STANDARD = "gnu++0x";
				CLANG_CXX_LIBRARY = "libc++";
				CLANG_ENABLE_MODULES = YES;
				CLANG_ENABLE_OBJC_ARC = YES;
				CLANG_WARN_BOOL_CONVERSION = YES;
				CLANG_WARN_CONSTANT_CONVERSION = YES;
				CLANG_WARN_DIRECT_OBJC_ISA_USAGE = YES_ERROR;
				CLANG_WARN_DOCUMENTATION_COMMENTS = YES;
				CLANG_WARN_EMPTY_BODY = YES;
				CLANG_WARN_ENUM_CONVERSION = YES;
				CLANG_WARN_INFINITE_RECURSION = YES;
				CLANG_WARN_INT_CONVERSION = YES;
				CLANG_WARN_OBJC_ROOT_CLASS = YES_ERROR;
				CLANG_WARN_SUSPICIOUS_MOVE = YES;
				CLANG_WARN_UNREACHABLE_CODE = YES;
				CLANG_WARN__DUPLICATE_METHOD_MATCH = YES;
				"CODE_SIGN_IDENTITY[sdk=iphoneos*]" = "iPhone Developer";
				COPY_PHASE_STRIP = NO;
				DEBUG_INFORMATION_FORMAT = dwarf;
				ENABLE_STRICT_OBJC_MSGSEND = YES;
				ENABLE_TESTABILITY = YES;
				GCC_C_LANGUAGE_STANDARD = gnu99;
				GCC_DYNAMIC_NO_PIC = NO;
				GCC_NO_COMMON_BLOCKS = YES;
				GCC_OPTIMIZATION_LEVEL = 0;
				GCC_PREPROCESSOR_DEFINITIONS = (
					"DEBUG=1",
					"$(inherited)",
				);
				GCC_WARN_64_TO_32_BIT_CONVERSION = YES;
				GCC_WARN_ABOUT_RETURN_TYPE = YES_ERROR;
				GCC_WARN_UNDECLARED_SELECTOR = YES;
				GCC_WARN_UNINITIALIZED_AUTOS = YES_AGGRESSIVE;
				GCC_WARN_UNUSED_FUNCTION = YES;
				GCC_WARN_UNUSED_VARIABLE = YES;
				IPHONEOS_DEPLOYMENT_TARGET = 10.3;
				MTL_ENABLE_DEBUG_INFO = YES;
				ONLY_ACTIVE_ARCH = YES;
				SDKROOT = iphoneos;
				SWIFT_ACTIVE_COMPILATION_CONDITIONS = DEBUG;
				SWIFT_OPTIMIZATION_LEVEL = "-Onone";
				TARGETED_DEVICE_FAMILY = "1,2";
			};
			name = Debug;
		};
		CD66FB631FE46DD40090D6A3 /* Release */ = {
			isa = XCBuildConfiguration;
			buildSettings = {
				ALWAYS_SEARCH_USER_PATHS = NO;
				CLANG_ANALYZER_NONNULL = YES;
				CLANG_ANALYZER_NUMBER_OBJECT_CONVERSION = YES_AGGRESSIVE;
				CLANG_CXX_LANGUAGE_STANDARD = "gnu++0x";
				CLANG_CXX_LIBRARY = "libc++";
				CLANG_ENABLE_MODULES = YES;
				CLANG_ENABLE_OBJC_ARC = YES;
				CLANG_WARN_BOOL_CONVERSION = YES;
				CLANG_WARN_CONSTANT_CONVERSION = YES;
				CLANG_WARN_DIRECT_OBJC_ISA_USAGE = YES_ERROR;
				CLANG_WARN_DOCUMENTATION_COMMENTS = YES;
				CLANG_WARN_EMPTY_BODY = YES;
				CLANG_WARN_ENUM_CONVERSION = YES;
				CLANG_WARN_INFINITE_RECURSION = YES;
				CLANG_WARN_INT_CONVERSION = YES;
				CLANG_WARN_OBJC_ROOT_CLASS = YES_ERROR;
				CLANG_WARN_SUSPICIOUS_MOVE = YES;
				CLANG_WARN_UNREACHABLE_CODE = YES;
				CLANG_WARN__DUPLICATE_METHOD_MATCH = YES;
				"CODE_SIGN_IDENTITY[sdk=iphoneos*]" = "iPhone Developer";
				COPY_PHASE_STRIP = NO;
				DEBUG_INFORMATION_FORMAT = "dwarf-with-dsym";
				ENABLE_NS_ASSERTIONS = NO;
				ENABLE_STRICT_OBJC_MSGSEND = YES;
				GCC_C_LANGUAGE_STANDARD = gnu99;
				GCC_NO_COMMON_BLOCKS = YES;
				GCC_WARN_64_TO_32_BIT_CONVERSION = YES;
				GCC_WARN_ABOUT_RETURN_TYPE = YES_ERROR;
				GCC_WARN_UNDECLARED_SELECTOR = YES;
				GCC_WARN_UNINITIALIZED_AUTOS = YES_AGGRESSIVE;
				GCC_WARN_UNUSED_FUNCTION = YES;
				GCC_WARN_UNUSED_VARIABLE = YES;
				IPHONEOS_DEPLOYMENT_TARGET = 10.3;
				MTL_ENABLE_DEBUG_INFO = NO;
				SDKROOT = iphoneos;
				SWIFT_OPTIMIZATION_LEVEL = "-Owholemodule";
				TARGETED_DEVICE_FAMILY = "1,2";
				VALIDATE_PRODUCT = YES;
			};
			name = Release;
		};
		CD66FB651FE46DD40090D6A3 /* Debug */ = {
			isa = XCBuildConfiguration;
			buildSettings = {
				ASSETCATALOG_COMPILER_APPICON_NAME = AppIcon;
				INFOPLIST_FILE = TestWithTables/Info.plist;
				LD_RUNPATH_SEARCH_PATHS = "$(inherited) @executable_path/Frameworks";
				PRODUCT_BUNDLE_IDENTIFIER = laurabelle.Disco3;
				PRODUCT_NAME = "$(TARGET_NAME)";
				SWIFT_VERSION = 3.0;
			};
			name = Debug;
		};
		CD66FB661FE46DD40090D6A3 /* Release */ = {
			isa = XCBuildConfiguration;
			buildSettings = {
				ASSETCATALOG_COMPILER_APPICON_NAME = AppIcon;
				INFOPLIST_FILE = TestWithTables/Info.plist;
				LD_RUNPATH_SEARCH_PATHS = "$(inherited) @executable_path/Frameworks";
				PRODUCT_BUNDLE_IDENTIFIER = laurabelle.Disco3;
				PRODUCT_NAME = "$(TARGET_NAME)";
				SWIFT_VERSION = 3.0;
			};
			name = Release;
		};
		CD66FB681FE46DD40090D6A3 /* Debug */ = {
			isa = XCBuildConfiguration;
			buildSettings = {
				ALWAYS_EMBED_SWIFT_STANDARD_LIBRARIES = YES;
				BUNDLE_LOADER = "$(TEST_HOST)";
				INFOPLIST_FILE = TestWithTablesTests/Info.plist;
				LD_RUNPATH_SEARCH_PATHS = "$(inherited) @executable_path/Frameworks @loader_path/Frameworks";
				PRODUCT_BUNDLE_IDENTIFIER = laurabelle.TestWithTablesTests;
				PRODUCT_NAME = "$(TARGET_NAME)";
				SWIFT_VERSION = 3.0;
				TEST_HOST = "$(BUILT_PRODUCTS_DIR)/Disco3.app/Disco3";
			};
			name = Debug;
		};
		CD66FB691FE46DD40090D6A3 /* Release */ = {
			isa = XCBuildConfiguration;
			buildSettings = {
				ALWAYS_EMBED_SWIFT_STANDARD_LIBRARIES = YES;
				BUNDLE_LOADER = "$(TEST_HOST)";
				INFOPLIST_FILE = TestWithTablesTests/Info.plist;
				LD_RUNPATH_SEARCH_PATHS = "$(inherited) @executable_path/Frameworks @loader_path/Frameworks";
				PRODUCT_BUNDLE_IDENTIFIER = laurabelle.TestWithTablesTests;
				PRODUCT_NAME = "$(TARGET_NAME)";
				SWIFT_VERSION = 3.0;
				TEST_HOST = "$(BUILT_PRODUCTS_DIR)/Disco3.app/Disco3";
			};
			name = Release;
		};
		CD66FB6B1FE46DD40090D6A3 /* Debug */ = {
			isa = XCBuildConfiguration;
			buildSettings = {
				ALWAYS_EMBED_SWIFT_STANDARD_LIBRARIES = YES;
				INFOPLIST_FILE = TestWithTablesUITests/Info.plist;
				LD_RUNPATH_SEARCH_PATHS = "$(inherited) @executable_path/Frameworks @loader_path/Frameworks";
				PRODUCT_BUNDLE_IDENTIFIER = laurabelle.TestWithTablesUITests;
				PRODUCT_NAME = "$(TARGET_NAME)";
				SWIFT_VERSION = 3.0;
				TEST_TARGET_NAME = TestWithTables;
			};
			name = Debug;
		};
		CD66FB6C1FE46DD40090D6A3 /* Release */ = {
			isa = XCBuildConfiguration;
			buildSettings = {
				ALWAYS_EMBED_SWIFT_STANDARD_LIBRARIES = YES;
				INFOPLIST_FILE = TestWithTablesUITests/Info.plist;
				LD_RUNPATH_SEARCH_PATHS = "$(inherited) @executable_path/Frameworks @loader_path/Frameworks";
				PRODUCT_BUNDLE_IDENTIFIER = laurabelle.TestWithTablesUITests;
				PRODUCT_NAME = "$(TARGET_NAME)";
				SWIFT_VERSION = 3.0;
				TEST_TARGET_NAME = TestWithTables;
			};
			name = Release;
		};
/* End XCBuildConfiguration section */

/* Begin XCConfigurationList section */
		CD66FB371FE46DD40090D6A3 /* Build configuration list for PBXProject "Disco3" */ = {
			isa = XCConfigurationList;
			buildConfigurations = (
				CD66FB621FE46DD40090D6A3 /* Debug */,
				CD66FB631FE46DD40090D6A3 /* Release */,
			);
			defaultConfigurationIsVisible = 0;
			defaultConfigurationName = Release;
		};
		CD66FB641FE46DD40090D6A3 /* Build configuration list for PBXNativeTarget "Disco3" */ = {
			isa = XCConfigurationList;
			buildConfigurations = (
				CD66FB651FE46DD40090D6A3 /* Debug */,
				CD66FB661FE46DD40090D6A3 /* Release */,
			);
			defaultConfigurationIsVisible = 0;
			defaultConfigurationName = Release;
		};
		CD66FB671FE46DD40090D6A3 /* Build configuration list for PBXNativeTarget "Disco3Tests" */ = {
			isa = XCConfigurationList;
			buildConfigurations = (
				CD66FB681FE46DD40090D6A3 /* Debug */,
				CD66FB691FE46DD40090D6A3 /* Release */,
			);
			defaultConfigurationIsVisible = 0;
			defaultConfigurationName = Release;
		};
		CD66FB6A1FE46DD40090D6A3 /* Build configuration list for PBXNativeTarget "Disco3UITests" */ = {
			isa = XCConfigurationList;
			buildConfigurations = (
				CD66FB6B1FE46DD40090D6A3 /* Debug */,
				CD66FB6C1FE46DD40090D6A3 /* Release */,
			);
			defaultConfigurationIsVisible = 0;
			defaultConfigurationName = Release;
		};
/* End XCConfigurationList section */
	};
	rootObject = CD66FB341FE46DD40090D6A3 /* Project object */;
}
